
Microsoft Visual Studio Solution File, Format Version 12.00
# Visual Studio 15
VisualStudioVersion = 15.0.26730.16
MinimumVisualStudioVersion = 10.0.40219.1
Project("{FAE04EC0-301F-11D3-BF4B-00C04F79EFBC}") = "LocalPeersChatter", "LocalPeersChatter.csproj", "{AB1956F0-2524-4550-8BB0-B1D29B309213}"
EndProject
Project("{FAE04EC0-301F-11D3-BF4B-00C04F79EFBC}") = "ChatterCore", "ChatterCore\ChatterCore.csproj", "{A9055DA8-927C-4E51-B4C2-DEC8791474D7}"
EndProject
Global
	GlobalSection(SolutionConfigurationPlatforms) = preSolution
		Debug|Any CPU = Debug|Any CPU
		Release|Any CPU = Release|Any CPU
	EndGlobalSection
	GlobalSection(ProjectConfigurationPlatforms) = postSolution
		{AB1956F0-2524-4550-8BB0-B1D29B309213}.Debug|Any CPU.ActiveCfg = Debug|Any CPU
		{AB1956F0-2524-4550-8BB0-B1D29B309213}.Debug|Any CPU.Build.0 = Debug|Any CPU
		{AB1956F0-2524-4550-8BB0-B1D29B309213}.Release|Any CPU.ActiveCfg = Release|Any CPU
		{AB1956F0-2524-4550-8BB0-B1D29B309213}.Release|Any CPU.Build.0 = Release|Any CPU
		{A9055DA8-927C-4E51-B4C2-DEC8791474D7}.Debug|Any CPU.ActiveCfg = Debug|Any CPU
		{A9055DA8-927C-4E51-B4C2-DEC8791474D7}.Debug|Any CPU.Build.0 = Debug|Any CPU
		{A9055DA8-927C-4E51-B4C2-DEC8791474D7}.Release|Any CPU.ActiveCfg = Release|Any CPU
		{A9055DA8-927C-4E51-B4C2-DEC8791474D7}.Release|Any CPU.Build.0 = Release|Any CPU
	EndGlobalSection
	GlobalSection(SolutionProperties) = preSolution
		HideSolutionNode = FALSE
	EndGlobalSection
	GlobalSection(ExtensibilityGlobals) = postSolution
		SolutionGuid = {6B3AAEEF-4EF4-4BA0-B0EB-0101FE967BC0}
	EndGlobalSection
EndGlobal
